
Microsoft Visual Studio Solution File, Format Version 12.00
# Visual Studio Version 17
VisualStudioVersion = 17.6.33801.468
MinimumVisualStudioVersion = 10.0.40219.1
Project("{FAE04EC0-301F-11D3-BF4B-00C04F79EFBC}") = "CNPM_DOAN", "CNPM_DOAN\CNPM_DOAN.csproj", "{471F9288-7C68-41D1-9864-7324027EA264}"
EndProject
Global
	GlobalSection(SolutionConfigurationPlatforms) = preSolution
		Debug|Any CPU = Debug|Any CPU
		Release|Any CPU = Release|Any CPU
	EndGlobalSection
	GlobalSection(ProjectConfigurationPlatforms) = postSolution
		{471F9288-7C68-41D1-9864-7324027EA264}.Debug|Any CPU.ActiveCfg = Debug|Any CPU
		{471F9288-7C68-41D1-9864-7324027EA264}.Debug|Any CPU.Build.0 = Debug|Any CPU
		{471F9288-7C68-41D1-9864-7324027EA264}.Release|Any CPU.ActiveCfg = Release|Any CPU
		{471F9288-7C68-41D1-9864-7324027EA264}.Release|Any CPU.Build.0 = Release|Any CPU
	EndGlobalSection
	GlobalSection(SolutionProperties) = preSolution
		HideSolutionNode = FALSE
	EndGlobalSection
	GlobalSection(ExtensibilityGlobals) = postSolution
		SolutionGuid = {9704D4EC-CEF4-4D38-B84B-03D4BA19E0A6}
	EndGlobalSection
EndGlobal
